
Microsoft Visual Studio Solution File, Format Version 12.00
# Visual Studio Version 17
VisualStudioVersion = 17.4.32916.344
MinimumVisualStudioVersion = 10.0.40219.1
Project("{FAE04EC0-301F-11D3-BF4B-00C04F79EFBC}") = "FORTEST", "FORTEST.csproj", "{2F80E57D-4D03-49E7-99B6-B69FB668B851}"
EndProject
Project("{9A19103F-16F7-4668-BE54-9A1E7A4F7556}") = "Lib1", "Lib1\Lib1.csproj", "{785D1A04-AEC8-4CB3-A2A3-9FFBD69D8498}"
EndProject
Global
	GlobalSection(SolutionConfigurationPlatforms) = preSolution
		Debug|Any CPU = Debug|Any CPU
		Release|Any CPU = Release|Any CPU
	EndGlobalSection
	GlobalSection(ProjectConfigurationPlatforms) = postSolution
		{2F80E57D-4D03-49E7-99B6-B69FB668B851}.Debug|Any CPU.ActiveCfg = Debug|Any CPU
		{2F80E57D-4D03-49E7-99B6-B69FB668B851}.Debug|Any CPU.Build.0 = Debug|Any CPU
		{2F80E57D-4D03-49E7-99B6-B69FB668B851}.Release|Any CPU.ActiveCfg = Release|Any CPU
		{2F80E57D-4D03-49E7-99B6-B69FB668B851}.Release|Any CPU.Build.0 = Release|Any CPU
		{785D1A04-AEC8-4CB3-A2A3-9FFBD69D8498}.Debug|Any CPU.ActiveCfg = Debug|Any CPU
		{785D1A04-AEC8-4CB3-A2A3-9FFBD69D8498}.Debug|Any CPU.Build.0 = Debug|Any CPU
		{785D1A04-AEC8-4CB3-A2A3-9FFBD69D8498}.Release|Any CPU.ActiveCfg = Release|Any CPU
		{785D1A04-AEC8-4CB3-A2A3-9FFBD69D8498}.Release|Any CPU.Build.0 = Release|Any CPU
	EndGlobalSection
	GlobalSection(SolutionProperties) = preSolution
		HideSolutionNode = FALSE
	EndGlobalSection
	GlobalSection(ExtensibilityGlobals) = postSolution
		SolutionGuid = {72A452A2-098A-42DD-B7D8-F62B5CF595EA}
	EndGlobalSection
EndGlobal
